
Microsoft Visual Studio Solution File, Format Version 12.00
# Visual Studio Version 16
VisualStudioVersion = 16.0.30330.147
MinimumVisualStudioVersion = 10.0.40219.1
Project("{FAE04EC0-301F-11D3-BF4B-00C04F79EFBC}") = "Calculadora", "Calculadora\Calculadora.csproj", "{72CF3F9E-5970-4AD8-B4CB-7D0E4090B0F3}"
EndProject
Global
	GlobalSection(SolutionConfigurationPlatforms) = preSolution
		Debug|Any CPU = Debug|Any CPU
		Release|Any CPU = Release|Any CPU
	EndGlobalSection
	GlobalSection(ProjectConfigurationPlatforms) = postSolution
		{72CF3F9E-5970-4AD8-B4CB-7D0E4090B0F3}.Debug|Any CPU.ActiveCfg = Debug|Any CPU
		{72CF3F9E-5970-4AD8-B4CB-7D0E4090B0F3}.Debug|Any CPU.Build.0 = Debug|Any CPU
		{72CF3F9E-5970-4AD8-B4CB-7D0E4090B0F3}.Release|Any CPU.ActiveCfg = Release|Any CPU
		{72CF3F9E-5970-4AD8-B4CB-7D0E4090B0F3}.Release|Any CPU.Build.0 = Release|Any CPU
	EndGlobalSection
	GlobalSection(SolutionProperties) = preSolution
		HideSolutionNode = FALSE
	EndGlobalSection
	GlobalSection(ExtensibilityGlobals) = postSolution
		SolutionGuid = {1FA533E3-52C4-47AF-9C60-D4B5EB8CDB68}
	EndGlobalSection
EndGlobal
